
Microsoft Visual Studio Solution File, Format Version 12.00
# Visual Studio 15
VisualStudioVersion = 15.0.27130.2020
MinimumVisualStudioVersion = 10.0.40219.1
Project("{FAE04EC0-301F-11D3-BF4B-00C04F79EFBC}") = "FlooringMastery.UI", "FlooringMastery.UI\FlooringMastery.UI.csproj", "{DDA41573-14C7-4924-B0A5-C2058DA6BB59}"
EndProject
Project("{FAE04EC0-301F-11D3-BF4B-00C04F79EFBC}") = "FlooringMastery.BLL", "FlooringMastery.BLL\FlooringMastery.BLL.csproj", "{D9324BC2-1F75-4DAA-BAC9-07630FDA8889}"
EndProject
Project("{FAE04EC0-301F-11D3-BF4B-00C04F79EFBC}") = "FlooringMastery.Data", "FlooringMastery.DATA\FlooringMastery.Data.csproj", "{4D71C08E-3BF4-49AE-8248-721662D292D2}"
EndProject
Project("{FAE04EC0-301F-11D3-BF4B-00C04F79EFBC}") = "FlooringMastery.Models", "FlooringMastery.Models\FlooringMastery.Models.csproj", "{646975AB-ACE6-4B36-B562-C1F5EED4E65C}"
EndProject
Project("{FAE04EC0-301F-11D3-BF4B-00C04F79EFBC}") = "FlooringMastery.Tests", "FlooringMastery.Tests\FlooringMastery.Tests.csproj", "{7A8B9CBF-7150-4EC9-BAA2-65FB24EFDB36}"
EndProject
Global
	GlobalSection(SolutionConfigurationPlatforms) = preSolution
		Debug|Any CPU = Debug|Any CPU
		Release|Any CPU = Release|Any CPU
	EndGlobalSection
	GlobalSection(ProjectConfigurationPlatforms) = postSolution
		{DDA41573-14C7-4924-B0A5-C2058DA6BB59}.Debug|Any CPU.ActiveCfg = Debug|Any CPU
		{DDA41573-14C7-4924-B0A5-C2058DA6BB59}.Debug|Any CPU.Build.0 = Debug|Any CPU
		{DDA41573-14C7-4924-B0A5-C2058DA6BB59}.Release|Any CPU.ActiveCfg = Release|Any CPU
		{DDA41573-14C7-4924-B0A5-C2058DA6BB59}.Release|Any CPU.Build.0 = Release|Any CPU
		{D9324BC2-1F75-4DAA-BAC9-07630FDA8889}.Debug|Any CPU.ActiveCfg = Debug|Any CPU
		{D9324BC2-1F75-4DAA-BAC9-07630FDA8889}.Debug|Any CPU.Build.0 = Debug|Any CPU
		{D9324BC2-1F75-4DAA-BAC9-07630FDA8889}.Release|Any CPU.ActiveCfg = Release|Any CPU
		{D9324BC2-1F75-4DAA-BAC9-07630FDA8889}.Release|Any CPU.Build.0 = Release|Any CPU
		{4D71C08E-3BF4-49AE-8248-721662D292D2}.Debug|Any CPU.ActiveCfg = Debug|Any CPU
		{4D71C08E-3BF4-49AE-8248-721662D292D2}.Debug|Any CPU.Build.0 = Debug|Any CPU
		{4D71C08E-3BF4-49AE-8248-721662D292D2}.Release|Any CPU.ActiveCfg = Release|Any CPU
		{4D71C08E-3BF4-49AE-8248-721662D292D2}.Release|Any CPU.Build.0 = Release|Any CPU
		{646975AB-ACE6-4B36-B562-C1F5EED4E65C}.Debug|Any CPU.ActiveCfg = Debug|Any CPU
		{646975AB-ACE6-4B36-B562-C1F5EED4E65C}.Debug|Any CPU.Build.0 = Debug|Any CPU
		{646975AB-ACE6-4B36-B562-C1F5EED4E65C}.Release|Any CPU.ActiveCfg = Release|Any CPU
		{646975AB-ACE6-4B36-B562-C1F5EED4E65C}.Release|Any CPU.Build.0 = Release|Any CPU
		{7A8B9CBF-7150-4EC9-BAA2-65FB24EFDB36}.Debug|Any CPU.ActiveCfg = Debug|Any CPU
		{7A8B9CBF-7150-4EC9-BAA2-65FB24EFDB36}.Debug|Any CPU.Build.0 = Debug|Any CPU
		{7A8B9CBF-7150-4EC9-BAA2-65FB24EFDB36}.Release|Any CPU.ActiveCfg = Release|Any CPU
		{7A8B9CBF-7150-4EC9-BAA2-65FB24EFDB36}.Release|Any CPU.Build.0 = Release|Any CPU
	EndGlobalSection
	GlobalSection(SolutionProperties) = preSolution
		HideSolutionNode = FALSE
	EndGlobalSection
	GlobalSection(ExtensibilityGlobals) = postSolution
		SolutionGuid = {6229AD6A-8FA4-490E-B829-99F16253F282}
	EndGlobalSection
EndGlobal
